
Microsoft Visual Studio Solution File, Format Version 12.00
# Visual Studio Version 16
VisualStudioVersion = 16.0.28803.352
MinimumVisualStudioVersion = 10.0.40219.1
Project("{FAE04EC0-301F-11D3-BF4B-00C04F79EFBC}") = "Stardew", "Stardew\Stardew.csproj", "{A424BDA6-6A67-4C9F-A279-E5A03334020F}"
EndProject
Global
	GlobalSection(SolutionConfigurationPlatforms) = preSolution
		Debug|Any CPU = Debug|Any CPU
		Release|Any CPU = Release|Any CPU
	EndGlobalSection
	GlobalSection(ProjectConfigurationPlatforms) = postSolution
		{A424BDA6-6A67-4C9F-A279-E5A03334020F}.Debug|Any CPU.ActiveCfg = Debug|Any CPU
		{A424BDA6-6A67-4C9F-A279-E5A03334020F}.Debug|Any CPU.Build.0 = Debug|Any CPU
		{A424BDA6-6A67-4C9F-A279-E5A03334020F}.Release|Any CPU.ActiveCfg = Release|Any CPU
		{A424BDA6-6A67-4C9F-A279-E5A03334020F}.Release|Any CPU.Build.0 = Release|Any CPU
	EndGlobalSection
	GlobalSection(SolutionProperties) = preSolution
		HideSolutionNode = FALSE
	EndGlobalSection
	GlobalSection(ExtensibilityGlobals) = postSolution
		SolutionGuid = {8EAF397D-0079-41C7-9C1C-F6557DAB7E16}
	EndGlobalSection
EndGlobal
